
Microsoft Visual Studio Solution File, Format Version 12.00
# Visual Studio Version 16
VisualStudioVersion = 16.0.30011.22
MinimumVisualStudioVersion = 10.0.40219.1
Project("{9A19103F-16F7-4668-BE54-9A1E7A4F7556}") = "TeamBuilder", "TeamBuilder\TeamBuilder.csproj", "{8C11151E-A06C-416E-947F-02AD0382972A}"
EndProject
Project("{2150E333-8FDC-42A3-9474-1A3956D46DE8}") = "Solution Items", "Solution Items", "{C775A4FB-6984-4DF6-B30C-061B65C60B4F}"
	ProjectSection(SolutionItems) = preProject
		.editorconfig = .editorconfig
	EndProjectSection
EndProject
Project("{FAE04EC0-301F-11D3-BF4B-00C04F79EFBC}") = "TeamBuilder.Tests", "TeamBuilder.Tests\TeamBuilder.Tests.csproj", "{7DF3E9AE-5B77-4A34-9753-1003B066E0C0}"
EndProject
Global
	GlobalSection(SolutionConfigurationPlatforms) = preSolution
		Debug|Any CPU = Debug|Any CPU
		Release|Any CPU = Release|Any CPU
	EndGlobalSection
	GlobalSection(ProjectConfigurationPlatforms) = postSolution
		{8C11151E-A06C-416E-947F-02AD0382972A}.Debug|Any CPU.ActiveCfg = Debug|Any CPU
		{8C11151E-A06C-416E-947F-02AD0382972A}.Debug|Any CPU.Build.0 = Debug|Any CPU
		{8C11151E-A06C-416E-947F-02AD0382972A}.Release|Any CPU.ActiveCfg = Release|Any CPU
		{8C11151E-A06C-416E-947F-02AD0382972A}.Release|Any CPU.Build.0 = Release|Any CPU
		{7DF3E9AE-5B77-4A34-9753-1003B066E0C0}.Debug|Any CPU.ActiveCfg = Debug|Any CPU
		{7DF3E9AE-5B77-4A34-9753-1003B066E0C0}.Debug|Any CPU.Build.0 = Debug|Any CPU
		{7DF3E9AE-5B77-4A34-9753-1003B066E0C0}.Release|Any CPU.ActiveCfg = Release|Any CPU
		{7DF3E9AE-5B77-4A34-9753-1003B066E0C0}.Release|Any CPU.Build.0 = Release|Any CPU
	EndGlobalSection
	GlobalSection(SolutionProperties) = preSolution
		HideSolutionNode = FALSE
	EndGlobalSection
	GlobalSection(ExtensibilityGlobals) = postSolution
		SolutionGuid = {F98F6E77-E902-4DA8-A3AF-1B0731848332}
	EndGlobalSection
EndGlobal
